
Microsoft Visual Studio Solution File, Format Version 12.00
Project("{FAE04EC0-301F-11D3-BF4B-00C04F79EFBC}") = "Api", "Api\Api.csproj", "{76ADD9EB-3C20-4A62-8586-FF0B9B14BB17}"
EndProject
Project("{FAE04EC0-301F-11D3-BF4B-00C04F79EFBC}") = "Logic", "Logic\Logic.csproj", "{31F33194-BA8F-4765-AD6F-C1EC1F5A47A1}"
EndProject
Project("{FAE04EC0-301F-11D3-BF4B-00C04F79EFBC}") = "Dal", "Dal\Dal.csproj", "{58ED1BA1-665E-4ABD-B846-981124EBCA26}"
EndProject
Project("{FAE04EC0-301F-11D3-BF4B-00C04F79EFBC}") = "Core", "..\Libs\Core\Core.csproj", "{4C00FCD2-0A29-430B-9C52-F4714AB84D1B}"
EndProject
Project("{2150E333-8FDC-42A3-9474-1A3956D46DE8}") = "Libs", "Libs", "{7BF4D5A6-13E5-48D5-B432-2D6530698F45}"
EndProject
Project("{FAE04EC0-301F-11D3-BF4B-00C04F79EFBC}") = "ProfileConnectionLib", "..\Libs\ProfileConnectionLib\ProfileConnectionLib.csproj", "{10FA914C-104D-4B13-BE60-0756145CC113}"
EndProject
Project("{FAE04EC0-301F-11D3-BF4B-00C04F79EFBC}") = "ApplicationSagaLib", "..\Libs\ApplicationSagaLib\ApplicationSagaLib.csproj", "{19474D81-B93D-4E5A-9D45-E67B9260A6EF}"
EndProject
Global
	GlobalSection(SolutionConfigurationPlatforms) = preSolution
		Debug|Any CPU = Debug|Any CPU
		Release|Any CPU = Release|Any CPU
	EndGlobalSection
	GlobalSection(ProjectConfigurationPlatforms) = postSolution
		{76ADD9EB-3C20-4A62-8586-FF0B9B14BB17}.Debug|Any CPU.ActiveCfg = Debug|Any CPU
		{76ADD9EB-3C20-4A62-8586-FF0B9B14BB17}.Debug|Any CPU.Build.0 = Debug|Any CPU
		{76ADD9EB-3C20-4A62-8586-FF0B9B14BB17}.Release|Any CPU.ActiveCfg = Release|Any CPU
		{76ADD9EB-3C20-4A62-8586-FF0B9B14BB17}.Release|Any CPU.Build.0 = Release|Any CPU
		{31F33194-BA8F-4765-AD6F-C1EC1F5A47A1}.Debug|Any CPU.ActiveCfg = Debug|Any CPU
		{31F33194-BA8F-4765-AD6F-C1EC1F5A47A1}.Debug|Any CPU.Build.0 = Debug|Any CPU
		{31F33194-BA8F-4765-AD6F-C1EC1F5A47A1}.Release|Any CPU.ActiveCfg = Release|Any CPU
		{31F33194-BA8F-4765-AD6F-C1EC1F5A47A1}.Release|Any CPU.Build.0 = Release|Any CPU
		{58ED1BA1-665E-4ABD-B846-981124EBCA26}.Debug|Any CPU.ActiveCfg = Debug|Any CPU
		{58ED1BA1-665E-4ABD-B846-981124EBCA26}.Debug|Any CPU.Build.0 = Debug|Any CPU
		{58ED1BA1-665E-4ABD-B846-981124EBCA26}.Release|Any CPU.ActiveCfg = Release|Any CPU
		{58ED1BA1-665E-4ABD-B846-981124EBCA26}.Release|Any CPU.Build.0 = Release|Any CPU
		{4C00FCD2-0A29-430B-9C52-F4714AB84D1B}.Debug|Any CPU.ActiveCfg = Debug|Any CPU
		{4C00FCD2-0A29-430B-9C52-F4714AB84D1B}.Debug|Any CPU.Build.0 = Debug|Any CPU
		{4C00FCD2-0A29-430B-9C52-F4714AB84D1B}.Release|Any CPU.ActiveCfg = Release|Any CPU
		{4C00FCD2-0A29-430B-9C52-F4714AB84D1B}.Release|Any CPU.Build.0 = Release|Any CPU
		{10FA914C-104D-4B13-BE60-0756145CC113}.Debug|Any CPU.ActiveCfg = Debug|Any CPU
		{10FA914C-104D-4B13-BE60-0756145CC113}.Debug|Any CPU.Build.0 = Debug|Any CPU
		{10FA914C-104D-4B13-BE60-0756145CC113}.Release|Any CPU.ActiveCfg = Release|Any CPU
		{10FA914C-104D-4B13-BE60-0756145CC113}.Release|Any CPU.Build.0 = Release|Any CPU
		{19474D81-B93D-4E5A-9D45-E67B9260A6EF}.Debug|Any CPU.ActiveCfg = Debug|Any CPU
		{19474D81-B93D-4E5A-9D45-E67B9260A6EF}.Debug|Any CPU.Build.0 = Debug|Any CPU
		{19474D81-B93D-4E5A-9D45-E67B9260A6EF}.Release|Any CPU.ActiveCfg = Release|Any CPU
		{19474D81-B93D-4E5A-9D45-E67B9260A6EF}.Release|Any CPU.Build.0 = Release|Any CPU
	EndGlobalSection
	GlobalSection(NestedProjects) = preSolution
		{4C00FCD2-0A29-430B-9C52-F4714AB84D1B} = {7BF4D5A6-13E5-48D5-B432-2D6530698F45}
		{10FA914C-104D-4B13-BE60-0756145CC113} = {7BF4D5A6-13E5-48D5-B432-2D6530698F45}
		{19474D81-B93D-4E5A-9D45-E67B9260A6EF} = {7BF4D5A6-13E5-48D5-B432-2D6530698F45}
	EndGlobalSection
EndGlobal
